// !$*UTF8*$!
{
	archiveVersion = 1;
	classes = {
	};
	objectVersion = 50;
	objects = {

/* Begin PBXBuildFile section */
		790D431C2325810600D07429 /* AppDelegate.swift in Sources */ = {isa = PBXBuildFile; fileRef = 790D431B2325810600D07429 /* AppDelegate.swift */; };
		790D431E2325810600D07429 /* ViewController.swift in Sources */ = {isa = PBXBuildFile; fileRef = 790D431D2325810600D07429 /* ViewController.swift */; };
		790D43212325810600D07429 /* Main.storyboard in Resources */ = {isa = PBXBuildFile; fileRef = 790D431F2325810600D07429 /* Main.storyboard */; };
		790D43232325810700D07429 /* Assets.xcassets in Resources */ = {isa = PBXBuildFile; fileRef = 790D43222325810700D07429 /* Assets.xcassets */; };
		790D43262325810700D07429 /* LaunchScreen.storyboard in Resources */ = {isa = PBXBuildFile; fileRef = 790D43242325810700D07429 /* LaunchScreen.storyboard */; };
		790D43312325810700D07429 /* BoseTestTests.swift in Sources */ = {isa = PBXBuildFile; fileRef = 790D43302325810700D07429 /* BoseTestTests.swift */; };
		790D433E2325823000D07429 /* BLECore.framework in Frameworks */ = {isa = PBXBuildFile; fileRef = 790D433B2325822700D07429 /* BLECore.framework */; };
		790D433F2325823000D07429 /* BLECore.framework in Embed Frameworks */ = {isa = PBXBuildFile; fileRef = 790D433B2325822700D07429 /* BLECore.framework */; settings = {ATTRIBUTES = (CodeSignOnCopy, RemoveHeadersOnCopy, ); }; };
		790D43402325823000D07429 /* BoseWearable.framework in Frameworks */ = {isa = PBXBuildFile; fileRef = 790D433C2325822800D07429 /* BoseWearable.framework */; };
		790D43412325823000D07429 /* BoseWearable.framework in Embed Frameworks */ = {isa = PBXBuildFile; fileRef = 790D433C2325822800D07429 /* BoseWearable.framework */; settings = {ATTRIBUTES = (CodeSignOnCopy, RemoveHeadersOnCopy, ); }; };
		790D43422325823000D07429 /* Logging.framework in Frameworks */ = {isa = PBXBuildFile; fileRef = 790D433D2325822800D07429 /* Logging.framework */; };
		790D43432325823000D07429 /* Logging.framework in Embed Frameworks */ = {isa = PBXBuildFile; fileRef = 790D433D2325822800D07429 /* Logging.framework */; settings = {ATTRIBUTES = (CodeSignOnCopy, RemoveHeadersOnCopy, ); }; };
/* End PBXBuildFile section */

/* Begin PBXContainerItemProxy section */
		790D432D2325810700D07429 /* PBXContainerItemProxy */ = {
			isa = PBXContainerItemProxy;
			containerPortal = 790D43102325810600D07429 /* Project object */;
			proxyType = 1;
			remoteGlobalIDString = 790D43172325810600D07429;
			remoteInfo = BoseTest;
		};
/* End PBXContainerItemProxy section */

/* Begin PBXCopyFilesBuildPhase section */
		790D43442325823000D07429 /* Embed Frameworks */ = {
			isa = PBXCopyFilesBuildPhase;
			buildActionMask = 2147483647;
			dstPath = "";
			dstSubfolderSpec = 10;
			files = (
				790D43412325823000D07429 /* BoseWearable.framework in Embed Frameworks */,
				790D433F2325823000D07429 /* BLECore.framework in Embed Frameworks */,
				790D43432325823000D07429 /* Logging.framework in Embed Frameworks */,
			);
			name = "Embed Frameworks";
			runOnlyForDeploymentPostprocessing = 0;
		};
/* End PBXCopyFilesBuildPhase section */

/* Begin PBXFileReference section */
		790D43182325810600D07429 /* BoseTest.app */ = {isa = PBXFileReference; explicitFileType = wrapper.application; includeInIndex = 0; path = BoseTest.app; sourceTree = BUILT_PRODUCTS_DIR; };
		790D431B2325810600D07429 /* AppDelegate.swift */ = {isa = PBXFileReference; lastKnownFileType = sourcecode.swift; path = AppDelegate.swift; sourceTree = "<group>"; };
		790D431D2325810600D07429 /* ViewController.swift */ = {isa = PBXFileReference; lastKnownFileType = sourcecode.swift; path = ViewController.swift; sourceTree = "<group>"; };
		790D43202325810600D07429 /* Base */ = {isa = PBXFileReference; lastKnownFileType = file.storyboard; name = Base; path = Base.lproj/Main.storyboard; sourceTree = "<group>"; };
		790D43222325810700D07429 /* Assets.xcassets */ = {isa = PBXFileReference; lastKnownFileType = folder.assetcatalog; path = Assets.xcassets; sourceTree = "<group>"; };
		790D43252325810700D07429 /* Base */ = {isa = PBXFileReference; lastKnownFileType = file.storyboard; name = Base; path = Base.lproj/LaunchScreen.storyboard; sourceTree = "<group>"; };
		790D43272325810700D07429 /* Info.plist */ = {isa = PBXFileReference; lastKnownFileType = text.plist.xml; path = Info.plist; sourceTree = "<group>"; };
		790D432C2325810700D07429 /* BoseTestTests.xctest */ = {isa = PBXFileReference; explicitFileType = wrapper.cfbundle; includeInIndex = 0; path = BoseTestTests.xctest; sourceTree = BUILT_PRODUCTS_DIR; };
		790D43302325810700D07429 /* BoseTestTests.swift */ = {isa = PBXFileReference; lastKnownFileType = sourcecode.swift; path = BoseTestTests.swift; sourceTree = "<group>"; };
		790D43322325810700D07429 /* Info.plist */ = {isa = PBXFileReference; lastKnownFileType = text.plist.xml; path = Info.plist; sourceTree = "<group>"; };
		790D433B2325822700D07429 /* BLECore.framework */ = {isa = PBXFileReference; lastKnownFileType = wrapper.framework; path = BLECore.framework; sourceTree = "<group>"; };
		790D433C2325822800D07429 /* BoseWearable.framework */ = {isa = PBXFileReference; lastKnownFileType = wrapper.framework; path = BoseWearable.framework; sourceTree = "<group>"; };
		790D433D2325822800D07429 /* Logging.framework */ = {isa = PBXFileReference; lastKnownFileType = wrapper.framework; path = Logging.framework; sourceTree = "<group>"; };
/* End PBXFileReference section */

/* Begin PBXFrameworksBuildPhase section */
		790D43152325810600D07429 /* Frameworks */ = {
			isa = PBXFrameworksBuildPhase;
			buildActionMask = 2147483647;
			files = (
				790D43402325823000D07429 /* BoseWearable.framework in Frameworks */,
				790D433E2325823000D07429 /* BLECore.framework in Frameworks */,
				790D43422325823000D07429 /* Logging.framework in Frameworks */,
			);
			runOnlyForDeploymentPostprocessing = 0;
		};
		790D43292325810700D07429 /* Frameworks */ = {
			isa = PBXFrameworksBuildPhase;
			buildActionMask = 2147483647;
			files = (
			);
			runOnlyForDeploymentPostprocessing = 0;
		};
/* End PBXFrameworksBuildPhase section */

/* Begin PBXGroup section */
		790D430F2325810600D07429 = {
			isa = PBXGroup;
			children = (
				790D431A2325810600D07429 /* BoseTest */,
				790D432F2325810700D07429 /* BoseTestTests */,
				790D43192325810600D07429 /* Products */,
				790D433B2325822700D07429 /* BLECore.framework */,
				790D433C2325822800D07429 /* BoseWearable.framework */,
				790D433D2325822800D07429 /* Logging.framework */,
			);
			sourceTree = "<group>";
		};
		790D43192325810600D07429 /* Products */ = {
			isa = PBXGroup;
			children = (
				790D43182325810600D07429 /* BoseTest.app */,
				790D432C2325810700D07429 /* BoseTestTests.xctest */,
			);
			name = Products;
			sourceTree = "<group>";
		};
		790D431A2325810600D07429 /* BoseTest */ = {
			isa = PBXGroup;
			children = (
				790D431B2325810600D07429 /* AppDelegate.swift */,
				790D431D2325810600D07429 /* ViewController.swift */,
				790D431F2325810600D07429 /* Main.storyboard */,
				790D43222325810700D07429 /* Assets.xcassets */,
				790D43242325810700D07429 /* LaunchScreen.storyboard */,
				790D43272325810700D07429 /* Info.plist */,
			);
			path = BoseTest;
			sourceTree = "<group>";
		};
		790D432F2325810700D07429 /* BoseTestTests */ = {
			isa = PBXGroup;
			children = (
				790D43302325810700D07429 /* BoseTestTests.swift */,
				790D43322325810700D07429 /* Info.plist */,
			);
			path = BoseTestTests;
			sourceTree = "<group>";
		};
/* End PBXGroup section */

/* Begin PBXNativeTarget section */
		790D43172325810600D07429 /* BoseTest */ = {
			isa = PBXNativeTarget;
			buildConfigurationList = 790D43352325810700D07429 /* Build configuration list for PBXNativeTarget "BoseTest" */;
			buildPhases = (
				790D43142325810600D07429 /* Sources */,
				790D43152325810600D07429 /* Frameworks */,
				790D43162325810600D07429 /* Resources */,
				790D43442325823000D07429 /* Embed Frameworks */,
			);
			buildRules = (
			);
			dependencies = (
			);
			name = BoseTest;
			productName = BoseTest;
			productReference = 790D43182325810600D07429 /* BoseTest.app */;
			productType = "com.apple.product-type.application";
		};
		790D432B2325810700D07429 /* BoseTestTests */ = {
			isa = PBXNativeTarget;
			buildConfigurationList = 790D43382325810700D07429 /* Build configuration list for PBXNativeTarget "BoseTestTests" */;
			buildPhases = (
				790D43282325810700D07429 /* Sources */,
				790D43292325810700D07429 /* Frameworks */,
				790D432A2325810700D07429 /* Resources */,
			);
			buildRules = (
			);
			dependencies = (
				790D432E2325810700D07429 /* PBXTargetDependency */,
			);
			name = BoseTestTests;
			productName = BoseTestTests;
			productReference = 790D432C2325810700D07429 /* BoseTestTests.xctest */;
			productType = "com.apple.product-type.bundle.unit-test";
		};
/* End PBXNativeTarget section */

/* Begin PBXProject section */
		790D43102325810600D07429 /* Project object */ = {
			isa = PBXProject;
			attributes = {
				LastSwiftUpdateCheck = 1030;
				LastUpgradeCheck = 1030;
				ORGANIZATIONNAME = TrySwift;
				TargetAttributes = {
					790D43172325810600D07429 = {
						CreatedOnToolsVersion = 10.3;
					};
					790D432B2325810700D07429 = {
						CreatedOnToolsVersion = 10.3;
						TestTargetID = 790D43172325810600D07429;
					};
				};
			};
			buildConfigurationList = 790D43132325810600D07429 /* Build configuration list for PBXProject "BoseTest" */;
			compatibilityVersion = "Xcode 9.3";
			developmentRegion = en;
			hasScannedForEncodings = 0;
			knownRegions = (
				en,
				Base,
			);
			mainGroup = 790D430F2325810600D07429;
			productRefGroup = 790D43192325810600D07429 /* Products */;
			projectDirPath = "";
			projectRoot = "";
			targets = (
				790D43172325810600D07429 /* BoseTest */,
				790D432B2325810700D07429 /* BoseTestTests */,
			);
		};
/* End PBXProject section */

/* Begin PBXResourcesBuildPhase section */
		790D43162325810600D07429 /* Resources */ = {
			isa = PBXResourcesBuildPhase;
			buildActionMask = 2147483647;
			files = (
				790D43262325810700D07429 /* LaunchScreen.storyboard in Resources */,
				790D43232325810700D07429 /* Assets.xcassets in Resources */,
				790D43212325810600D07429 /* Main.storyboard in Resources */,
			);
			runOnlyForDeploymentPostprocessing = 0;
		};
		790D432A2325810700D07429 /* Resources */ = {
			isa = PBXResourcesBuildPhase;
			buildActionMask = 2147483647;
			files = (
			);
			runOnlyForDeploymentPostprocessing = 0;
		};
/* End PBXResourcesBuildPhase section */

/* Begin PBXSourcesBuildPhase section */
		790D43142325810600D07429 /* Sources */ = {
			isa = PBXSourcesBuildPhase;
			buildActionMask = 2147483647;
			files = (
				790D431E2325810600D07429 /* ViewController.swift in Sources */,
				790D431C2325810600D07429 /* AppDelegate.swift in Sources */,
			);
			runOnlyForDeploymentPostprocessing = 0;
		};
		790D43282325810700D07429 /* Sources */ = {
			isa = PBXSourcesBuildPhase;
			buildActionMask = 2147483647;
			files = (
				790D43312325810700D07429 /* BoseTestTests.swift in Sources */,
			);
			runOnlyForDeploymentPostprocessing = 0;
		};
/* End PBXSourcesBuildPhase section */

/* Begin PBXTargetDependency section */
		790D432E2325810700D07429 /* PBXTargetDependency */ = {
			isa = PBXTargetDependency;
			target = 790D43172325810600D07429 /* BoseTest */;
			targetProxy = 790D432D2325810700D07429 /* PBXContainerItemProxy */;
		};
/* End PBXTargetDependency section */

/* Begin PBXVariantGroup section */
		790D431F2325810600D07429 /* Main.storyboard */ = {
			isa = PBXVariantGroup;
			children = (
				790D43202325810600D07429 /* Base */,
			);
			name = Main.storyboard;
			sourceTree = "<group>";
		};
		790D43242325810700D07429 /* LaunchScreen.storyboard */ = {
			isa = PBXVariantGroup;
			children = (
				790D43252325810700D07429 /* Base */,
			);
			name = LaunchScreen.storyboard;
			sourceTree = "<group>";
		};
/* End PBXVariantGroup section */

/* Begin XCBuildConfiguration section */
		790D43332325810700D07429 /* Debug */ = {
			isa = XCBuildConfiguration;
			buildSettings = {
				ALWAYS_SEARCH_USER_PATHS = NO;
				CLANG_ANALYZER_NONNULL = YES;
				CLANG_ANALYZER_NUMBER_OBJECT_CONVERSION = YES_AGGRESSIVE;
				CLANG_CXX_LANGUAGE_STANDARD = "gnu++14";
				CLANG_CXX_LIBRARY = "libc++";
				CLANG_ENABLE_MODULES = YES;
				CLANG_ENABLE_OBJC_ARC = YES;
				CLANG_ENABLE_OBJC_WEAK = YES;
				CLANG_WARN_BLOCK_CAPTURE_AUTORELEASING = YES;
				CLANG_WARN_BOOL_CONVERSION = YES;
				CLANG_WARN_COMMA = YES;
				CLANG_WARN_CONSTANT_CONVERSION = YES;
				CLANG_WARN_DEPRECATED_OBJC_IMPLEMENTATIONS = YES;
				CLANG_WARN_DIRECT_OBJC_ISA_USAGE = YES_ERROR;
				CLANG_WARN_DOCUMENTATION_COMMENTS = YES;
				CLANG_WARN_EMPTY_BODY = YES;
				CLANG_WARN_ENUM_CONVERSION = YES;
				CLANG_WARN_INFINITE_RECURSION = YES;
				CLANG_WARN_INT_CONVERSION = YES;
				CLANG_WARN_NON_LITERAL_NULL_CONVERSION = YES;
				CLANG_WARN_OBJC_IMPLICIT_RETAIN_SELF = YES;
				CLANG_WARN_OBJC_LITERAL_CONVERSION = YES;
				CLANG_WARN_OBJC_ROOT_CLASS = YES_ERROR;
				CLANG_WARN_RANGE_LOOP_ANALYSIS = YES;
				CLANG_WARN_STRICT_PROTOTYPES = YES;
				CLANG_WARN_SUSPICIOUS_MOVE = YES;
				CLANG_WARN_UNGUARDED_AVAILABILITY = YES_AGGRESSIVE;
				CLANG_WARN_UNREACHABLE_CODE = YES;
				CLANG_WARN__DUPLICATE_METHOD_MATCH = YES;
				CODE_SIGN_IDENTITY = "iPhone Developer";
				COPY_PHASE_STRIP = NO;
				DEBUG_INFORMATION_FORMAT = dwarf;
				ENABLE_STRICT_OBJC_MSGSEND = YES;
				ENABLE_TESTABILITY = YES;
				GCC_C_LANGUAGE_STANDARD = gnu11;
				GCC_DYNAMIC_NO_PIC = NO;
				GCC_NO_COMMON_BLOCKS = YES;
				GCC_OPTIMIZATION_LEVEL = 0;
				GCC_PREPROCESSOR_DEFINITIONS = (
					"DEBUG=1",
					"$(inherited)",
				);
				GCC_WARN_64_TO_32_BIT_CONVERSION = YES;
				GCC_WARN_ABOUT_RETURN_TYPE = YES_ERROR;
				GCC_WARN_UNDECLARED_SELECTOR = YES;
				GCC_WARN_UNINITIALIZED_AUTOS = YES_AGGRESSIVE;
				GCC_WARN_UNUSED_FUNCTION = YES;
				GCC_WARN_UNUSED_VARIABLE = YES;
				IPHONEOS_DEPLOYMENT_TARGET = 12.4;
				MTL_ENABLE_DEBUG_INFO = INCLUDE_SOURCE;
				MTL_FAST_MATH = YES;
				ONLY_ACTIVE_ARCH = YES;
				SDKROOT = iphoneos;
				SWIFT_ACTIVE_COMPILATION_CONDITIONS = DEBUG;
				SWIFT_OPTIMIZATION_LEVEL = "-Onone";
			};
			name = Debug;
		};
		790D43342325810700D07429 /* Release */ = {
			isa = XCBuildConfiguration;
			buildSettings = {
				ALWAYS_SEARCH_USER_PATHS = NO;
				CLANG_ANALYZER_NONNULL = YES;
				CLANG_ANALYZER_NUMBER_OBJECT_CONVERSION = YES_AGGRESSIVE;
				CLANG_CXX_LANGUAGE_STANDARD = "gnu++14";
				CLANG_CXX_LIBRARY = "libc++";
				CLANG_ENABLE_MODULES = YES;
				CLANG_ENABLE_OBJC_ARC = YES;
				CLANG_ENABLE_OBJC_WEAK = YES;
				CLANG_WARN_BLOCK_CAPTURE_AUTORELEASING = YES;
				CLANG_WARN_BOOL_CONVERSION = YES;
				CLANG_WARN_COMMA = YES;
				CLANG_WARN_CONSTANT_CONVERSION = YES;
				CLANG_WARN_DEPRECATED_OBJC_IMPLEMENTATIONS = YES;
				CLANG_WARN_DIRECT_OBJC_ISA_USAGE = YES_ERROR;
				CLANG_WARN_DOCUMENTATION_COMMENTS = YES;
				CLANG_WARN_EMPTY_BODY = YES;
				CLANG_WARN_ENUM_CONVERSION = YES;
				CLANG_WARN_INFINITE_RECURSION = YES;
				CLANG_WARN_INT_CONVERSION = YES;
				CLANG_WARN_NON_LITERAL_NULL_CONVERSION = YES;
				CLANG_WARN_OBJC_IMPLICIT_RETAIN_SELF = YES;
				CLANG_WARN_OBJC_LITERAL_CONVERSION = YES;
				CLANG_WARN_OBJC_ROOT_CLASS = YES_ERROR;
				CLANG_WARN_RANGE_LOOP_ANALYSIS = YES;
				CLANG_WARN_STRICT_PROTOTYPES = YES;
				CLANG_WARN_SUSPICIOUS_MOVE = YES;
				CLANG_WARN_UNGUARDED_AVAILABILITY = YES_AGGRESSIVE;
				CLANG_WARN_UNREACHABLE_CODE = YES;
				CLANG_WARN__DUPLICATE_METHOD_MATCH = YES;
				CODE_SIGN_IDENTITY = "iPhone Developer";
				COPY_PHASE_STRIP = NO;
				DEBUG_INFORMATION_FORMAT = "dwarf-with-dsym";
				ENABLE_NS_ASSERTIONS = NO;
				ENABLE_STRICT_OBJC_MSGSEND = YES;
				GCC_C_LANGUAGE_STANDARD = gnu11;
				GCC_NO_COMMON_BLOCKS = YES;
				GCC_WARN_64_TO_32_BIT_CONVERSION = YES;
				GCC_WARN_ABOUT_RETURN_TYPE = YES_ERROR;
				GCC_WARN_UNDECLARED_SELECTOR = YES;
				GCC_WARN_UNINITIALIZED_AUTOS = YES_AGGRESSIVE;
				GCC_WARN_UNUSED_FUNCTION = YES;
				GCC_WARN_UNUSED_VARIABLE = YES;
				IPHONEOS_DEPLOYMENT_TARGET = 12.4;
				MTL_ENABLE_DEBUG_INFO = NO;
				MTL_FAST_MATH = YES;
				SDKROOT = iphoneos;
				SWIFT_COMPILATION_MODE = wholemodule;
				SWIFT_OPTIMIZATION_LEVEL = "-O";
				VALIDATE_PRODUCT = YES;
			};
			name = Release;
		};
		790D43362325810700D07429 /* Debug */ = {
			isa = XCBuildConfiguration;
			buildSettings = {
				ASSETCATALOG_COMPILER_APPICON_NAME = AppIcon;
				CODE_SIGN_STYLE = Automatic;
				DEVELOPMENT_TEAM = Y492GDWGR4;
				FRAMEWORK_SEARCH_PATHS = (
					"$(inherited)",
					"$(PROJECT_DIR)",
				);
				INFOPLIST_FILE = BoseTest/Info.plist;
				LD_RUNPATH_SEARCH_PATHS = (
					"$(inherited)",
					"@executable_path/Frameworks",
				);
				PRODUCT_BUNDLE_IDENTIFIER = CarlEkman.BoseTest;
				PRODUCT_NAME = "$(TARGET_NAME)";
				SWIFT_VERSION = 5.0;
				TARGETED_DEVICE_FAMILY = "1,2";
			};
			name = Debug;
		};
		790D43372325810700D07429 /* Release */ = {
			isa = XCBuildConfiguration;
			buildSettings = {
				ASSETCATALOG_COMPILER_APPICON_NAME = AppIcon;
				CODE_SIGN_STYLE = Automatic;
				DEVELOPMENT_TEAM = Y492GDWGR4;
				FRAMEWORK_SEARCH_PATHS = (
					"$(inherited)",
					"$(PROJECT_DIR)",
				);
				INFOPLIST_FILE = BoseTest/Info.plist;
				LD_RUNPATH_SEARCH_PATHS = (
					"$(inherited)",
					"@executable_path/Frameworks",
				);
				PRODUCT_BUNDLE_IDENTIFIER = CarlEkman.BoseTest;
				PRODUCT_NAME = "$(TARGET_NAME)";
				SWIFT_VERSION = 5.0;
				TARGETED_DEVICE_FAMILY = "1,2";
			};
			name = Release;
		};
		790D43392325810700D07429 /* Debug */ = {
			isa = XCBuildConfiguration;
			buildSettings = {
				ALWAYS_EMBED_SWIFT_STANDARD_LIBRARIES = YES;
				BUNDLE_LOADER = "$(TEST_HOST)";
				CODE_SIGN_STYLE = Automatic;
				INFOPLIST_FILE = BoseTestTests/Info.plist;
				LD_RUNPATH_SEARCH_PATHS = (
					"$(inherited)",
					"@executable_path/Frameworks",
					"@loader_path/Frameworks",
				);
				PRODUCT_BUNDLE_IDENTIFIER = CarlEkman.BoseTestTests;
				PRODUCT_NAME = "$(TARGET_NAME)";
				SWIFT_VERSION = 5.0;
				TARGETED_DEVICE_FAMILY = "1,2";
				TEST_HOST = "$(BUILT_PRODUCTS_DIR)/BoseTest.app/BoseTest";
			};
			name = Debug;
		};
		790D433A2325810700D07429 /* Release */ = {
			isa = XCBuildConfiguration;
			buildSettings = {
				ALWAYS_EMBED_SWIFT_STANDARD_LIBRARIES = YES;
				BUNDLE_LOADER = "$(TEST_HOST)";
				CODE_SIGN_STYLE = Automatic;
				INFOPLIST_FILE = BoseTestTests/Info.plist;
				LD_RUNPATH_SEARCH_PATHS = (
					"$(inherited)",
					"@executable_path/Frameworks",
					"@loader_path/Frameworks",
				);
				PRODUCT_BUNDLE_IDENTIFIER = CarlEkman.BoseTestTests;
				PRODUCT_NAME = "$(TARGET_NAME)";
				SWIFT_VERSION = 5.0;
				TARGETED_DEVICE_FAMILY = "1,2";
				TEST_HOST = "$(BUILT_PRODUCTS_DIR)/BoseTest.app/BoseTest";
			};
			name = Release;
		};
/* End XCBuildConfiguration section */

/* Begin XCConfigurationList section */
		790D43132325810600D07429 /* Build configuration list for PBXProject "BoseTest" */ = {
			isa = XCConfigurationList;
			buildConfigurations = (
				790D43332325810700D07429 /* Debug */,
				790D43342325810700D07429 /* Release */,
			);
			defaultConfigurationIsVisible = 0;
			defaultConfigurationName = Release;
		};
		790D43352325810700D07429 /* Build configuration list for PBXNativeTarget "BoseTest" */ = {
			isa = XCConfigurationList;
			buildConfigurations = (
				790D43362325810700D07429 /* Debug */,
				790D43372325810700D07429 /* Release */,
			);
			defaultConfigurationIsVisible = 0;
			defaultConfigurationName = Release;
		};
		790D43382325810700D07429 /* Build configuration list for PBXNativeTarget "BoseTestTests" */ = {
			isa = XCConfigurationList;
			buildConfigurations = (
				790D43392325810700D07429 /* Debug */,
				790D433A2325810700D07429 /* Release */,
			);
			defaultConfigurationIsVisible = 0;
			defaultConfigurationName = Release;
		};
/* End XCConfigurationList section */
	};
	rootObject = 790D43102325810600D07429 /* Project object */;
}
